
Microsoft Visual Studio Solution File, Format Version 12.00
# Visual Studio Version 17
VisualStudioVersion = 17.7.34031.279
MinimumVisualStudioVersion = 10.0.40219.1
Project("{FAE04EC0-301F-11D3-BF4B-00C04F79EFBC}") = "TestLib", "TestLib.csproj", "{507F0F41-B57C-4A6A-A898-F90CBD0F70C7}"
EndProject
Global
	GlobalSection(SolutionConfigurationPlatforms) = preSolution
		Debug|Any CPU = Debug|Any CPU
		Release|Any CPU = Release|Any CPU
	EndGlobalSection
	GlobalSection(ProjectConfigurationPlatforms) = postSolution
		{507F0F41-B57C-4A6A-A898-F90CBD0F70C7}.Debug|Any CPU.ActiveCfg = Debug|Any CPU
		{507F0F41-B57C-4A6A-A898-F90CBD0F70C7}.Debug|Any CPU.Build.0 = Debug|Any CPU
		{507F0F41-B57C-4A6A-A898-F90CBD0F70C7}.Release|Any CPU.ActiveCfg = Release|Any CPU
		{507F0F41-B57C-4A6A-A898-F90CBD0F70C7}.Release|Any CPU.Build.0 = Release|Any CPU
	EndGlobalSection
	GlobalSection(SolutionProperties) = preSolution
		HideSolutionNode = FALSE
	EndGlobalSection
	GlobalSection(ExtensibilityGlobals) = postSolution
		SolutionGuid = {D053F75A-729D-45C6-AE36-8E66219BC9EF}
	EndGlobalSection
EndGlobal
